// !$*UTF8*$!
{
	archiveVersion = 1;
	classes = {
	};
	objectVersion = 48;
	objects = {

/* Begin PBXBuildFile section */
		CE1E223A1F9E3D9500A7D82C /* NodeTools.swift in Sources */ = {isa = PBXBuildFile; fileRef = CE1E221E1F9E3D9500A7D82C /* NodeTools.swift */; };
		CE1E223B1F9E3D9500A7D82C /* CGTools.swift in Sources */ = {isa = PBXBuildFile; fileRef = CE1E221F1F9E3D9500A7D82C /* CGTools.swift */; };
		CE1E223D1F9E3D9500A7D82C /* SizeRange.swift in Sources */ = {isa = PBXBuildFile; fileRef = CE1E22221F9E3D9500A7D82C /* SizeRange.swift */; };
		CE1E223E1F9E3D9500A7D82C /* Component.swift in Sources */ = {isa = PBXBuildFile; fileRef = CE1E22231F9E3D9500A7D82C /* Component.swift */; };
		CE1E223F1F9E3D9500A7D82C /* ImageComponent.swift in Sources */ = {isa = PBXBuildFile; fileRef = CE1E22251F9E3D9500A7D82C /* ImageComponent.swift */; };
		CE1E22401F9E3D9500A7D82C /* TextComponent.swift in Sources */ = {isa = PBXBuildFile; fileRef = CE1E22261F9E3D9500A7D82C /* TextComponent.swift */; };
		CE1E22411F9E3D9500A7D82C /* BackgroundComponent.swift in Sources */ = {isa = PBXBuildFile; fileRef = CE1E22271F9E3D9500A7D82C /* BackgroundComponent.swift */; };
		CE1E22421F9E3D9500A7D82C /* Node.swift in Sources */ = {isa = PBXBuildFile; fileRef = CE1E22281F9E3D9500A7D82C /* Node.swift */; };
		CE1E22431F9E3D9500A7D82C /* ComponentContext.swift in Sources */ = {isa = PBXBuildFile; fileRef = CE1E22291F9E3D9500A7D82C /* ComponentContext.swift */; };
		CE1E22441F9E3D9500A7D82C /* ListComponent.swift in Sources */ = {isa = PBXBuildFile; fileRef = CE1E222B1F9E3D9500A7D82C /* ListComponent.swift */; };
		CE1E22451F9E3D9500A7D82C /* FutureComponent.swift in Sources */ = {isa = PBXBuildFile; fileRef = CE1E222C1F9E3D9500A7D82C /* FutureComponent.swift */; };
		CE1E22461F9E3D9500A7D82C /* InsetComponent.swift in Sources */ = {isa = PBXBuildFile; fileRef = CE1E222D1F9E3D9500A7D82C /* InsetComponent.swift */; };
		CE1E22481F9E3D9500A7D82C /* ViewCell.swift in Sources */ = {isa = PBXBuildFile; fileRef = CE1E22311F9E3D9500A7D82C /* ViewCell.swift */; };
		CE1E22491F9E3D9500A7D82C /* TextCell.swift in Sources */ = {isa = PBXBuildFile; fileRef = CE1E22321F9E3D9500A7D82C /* TextCell.swift */; };
		CE1E224A1F9E3D9500A7D82C /* ImageCell.swift in Sources */ = {isa = PBXBuildFile; fileRef = CE1E22331F9E3D9500A7D82C /* ImageCell.swift */; };
		CE1E224B1F9E3D9500A7D82C /* CollectionCellBase.swift in Sources */ = {isa = PBXBuildFile; fileRef = CE1E22341F9E3D9500A7D82C /* CollectionCellBase.swift */; };
		CE1E224C1F9E3D9500A7D82C /* CollectionViewLayout.swift in Sources */ = {isa = PBXBuildFile; fileRef = CE1E22351F9E3D9500A7D82C /* CollectionViewLayout.swift */; };
		CE1E224D1F9E3D9500A7D82C /* ReuseIdentifier.swift in Sources */ = {isa = PBXBuildFile; fileRef = CE1E22361F9E3D9500A7D82C /* ReuseIdentifier.swift */; };
		CE1E224E1F9E3D9500A7D82C /* CollectionController.swift in Sources */ = {isa = PBXBuildFile; fileRef = CE1E22371F9E3D9500A7D82C /* CollectionController.swift */; };
		CE1E224F1F9E3D9500A7D82C /* NodeCollectionViewDataSource.swift in Sources */ = {isa = PBXBuildFile; fileRef = CE1E22381F9E3D9500A7D82C /* NodeCollectionViewDataSource.swift */; };
		CE3C90951FA154B100CF5010 /* TapableComponent.swift in Sources */ = {isa = PBXBuildFile; fileRef = CE3C90941FA154B100CF5010 /* TapableComponent.swift */; };
		CE3C90971FA154F200CF5010 /* SimulationComponentProvider.swift in Sources */ = {isa = PBXBuildFile; fileRef = CE3C90961FA154F200CF5010 /* SimulationComponentProvider.swift */; };
		CE9AF2201F9E88A40079A00A /* StyleSheet.swift in Sources */ = {isa = PBXBuildFile; fileRef = CE9AF21E1F9E88A40079A00A /* StyleSheet.swift */; };
		CE9AF2211F9E88A40079A00A /* NSAttributedString+TextStyle.swift in Sources */ = {isa = PBXBuildFile; fileRef = CE9AF21F1F9E88A40079A00A /* NSAttributedString+TextStyle.swift */; };
		CE9AF2231F9E88BE0079A00A /* TextStyle.swift in Sources */ = {isa = PBXBuildFile; fileRef = CE9AF2221F9E88BE0079A00A /* TextStyle.swift */; };
		CEC4F1171F9E3E5F00EB7BB3 /* StyledComponentGenerator.swift in Sources */ = {isa = PBXBuildFile; fileRef = CEC4F1141F9E3E5F00EB7BB3 /* StyledComponentGenerator.swift */; };
		CEC4F1181F9E3E5F00EB7BB3 /* AppDelegate.swift in Sources */ = {isa = PBXBuildFile; fileRef = CEC4F1151F9E3E5F00EB7BB3 /* AppDelegate.swift */; };
		CEC4F11A1F9E3EAB00EB7BB3 /* DataSource.swift in Sources */ = {isa = PBXBuildFile; fileRef = CEC4F1191F9E3EAB00EB7BB3 /* DataSource.swift */; };
		CED0137F1F930711005BCA14 /* Assets.xcassets in Resources */ = {isa = PBXBuildFile; fileRef = CED0137E1F930711005BCA14 /* Assets.xcassets */; };
		CED013821F930711005BCA14 /* LaunchScreen.storyboard in Resources */ = {isa = PBXBuildFile; fileRef = CED013801F930711005BCA14 /* LaunchScreen.storyboard */; };
		CEE9DAE41F9F7DA300A4A749 /* LogicController.swift in Sources */ = {isa = PBXBuildFile; fileRef = CEE9DAE31F9F7DA300A4A749 /* LogicController.swift */; };
/* End PBXBuildFile section */

/* Begin PBXFileReference section */
		CE1E221E1F9E3D9500A7D82C /* NodeTools.swift */ = {isa = PBXFileReference; fileEncoding = 4; lastKnownFileType = sourcecode.swift; path = NodeTools.swift; sourceTree = "<group>"; };
		CE1E221F1F9E3D9500A7D82C /* CGTools.swift */ = {isa = PBXFileReference; fileEncoding = 4; lastKnownFileType = sourcecode.swift; path = CGTools.swift; sourceTree = "<group>"; };
		CE1E22221F9E3D9500A7D82C /* SizeRange.swift */ = {isa = PBXFileReference; fileEncoding = 4; lastKnownFileType = sourcecode.swift; path = SizeRange.swift; sourceTree = "<group>"; };
		CE1E22231F9E3D9500A7D82C /* Component.swift */ = {isa = PBXFileReference; fileEncoding = 4; lastKnownFileType = sourcecode.swift; path = Component.swift; sourceTree = "<group>"; };
		CE1E22251F9E3D9500A7D82C /* ImageComponent.swift */ = {isa = PBXFileReference; fileEncoding = 4; lastKnownFileType = sourcecode.swift; path = ImageComponent.swift; sourceTree = "<group>"; };
		CE1E22261F9E3D9500A7D82C /* TextComponent.swift */ = {isa = PBXFileReference; fileEncoding = 4; lastKnownFileType = sourcecode.swift; path = TextComponent.swift; sourceTree = "<group>"; };
		CE1E22271F9E3D9500A7D82C /* BackgroundComponent.swift */ = {isa = PBXFileReference; fileEncoding = 4; lastKnownFileType = sourcecode.swift; path = BackgroundComponent.swift; sourceTree = "<group>"; };
		CE1E22281F9E3D9500A7D82C /* Node.swift */ = {isa = PBXFileReference; fileEncoding = 4; lastKnownFileType = sourcecode.swift; path = Node.swift; sourceTree = "<group>"; };
		CE1E22291F9E3D9500A7D82C /* ComponentContext.swift */ = {isa = PBXFileReference; fileEncoding = 4; lastKnownFileType = sourcecode.swift; path = ComponentContext.swift; sourceTree = "<group>"; };
		CE1E222B1F9E3D9500A7D82C /* ListComponent.swift */ = {isa = PBXFileReference; fileEncoding = 4; lastKnownFileType = sourcecode.swift; path = ListComponent.swift; sourceTree = "<group>"; };
		CE1E222C1F9E3D9500A7D82C /* FutureComponent.swift */ = {isa = PBXFileReference; fileEncoding = 4; lastKnownFileType = sourcecode.swift; path = FutureComponent.swift; sourceTree = "<group>"; };
		CE1E222D1F9E3D9500A7D82C /* InsetComponent.swift */ = {isa = PBXFileReference; fileEncoding = 4; lastKnownFileType = sourcecode.swift; path = InsetComponent.swift; sourceTree = "<group>"; };
		CE1E22311F9E3D9500A7D82C /* ViewCell.swift */ = {isa = PBXFileReference; fileEncoding = 4; lastKnownFileType = sourcecode.swift; path = ViewCell.swift; sourceTree = "<group>"; };
		CE1E22321F9E3D9500A7D82C /* TextCell.swift */ = {isa = PBXFileReference; fileEncoding = 4; lastKnownFileType = sourcecode.swift; path = TextCell.swift; sourceTree = "<group>"; };
		CE1E22331F9E3D9500A7D82C /* ImageCell.swift */ = {isa = PBXFileReference; fileEncoding = 4; lastKnownFileType = sourcecode.swift; path = ImageCell.swift; sourceTree = "<group>"; };
		CE1E22341F9E3D9500A7D82C /* CollectionCellBase.swift */ = {isa = PBXFileReference; fileEncoding = 4; lastKnownFileType = sourcecode.swift; path = CollectionCellBase.swift; sourceTree = "<group>"; };
		CE1E22351F9E3D9500A7D82C /* CollectionViewLayout.swift */ = {isa = PBXFileReference; fileEncoding = 4; lastKnownFileType = sourcecode.swift; path = CollectionViewLayout.swift; sourceTree = "<group>"; };
		CE1E22361F9E3D9500A7D82C /* ReuseIdentifier.swift */ = {isa = PBXFileReference; fileEncoding = 4; lastKnownFileType = sourcecode.swift; path = ReuseIdentifier.swift; sourceTree = "<group>"; };
		CE1E22371F9E3D9500A7D82C /* CollectionController.swift */ = {isa = PBXFileReference; fileEncoding = 4; lastKnownFileType = sourcecode.swift; path = CollectionController.swift; sourceTree = "<group>"; };
		CE1E22381F9E3D9500A7D82C /* NodeCollectionViewDataSource.swift */ = {isa = PBXFileReference; fileEncoding = 4; lastKnownFileType = sourcecode.swift; path = NodeCollectionViewDataSource.swift; sourceTree = "<group>"; };
		CE3C90941FA154B100CF5010 /* TapableComponent.swift */ = {isa = PBXFileReference; fileEncoding = 4; lastKnownFileType = sourcecode.swift; path = TapableComponent.swift; sourceTree = "<group>"; };
		CE3C90961FA154F200CF5010 /* SimulationComponentProvider.swift */ = {isa = PBXFileReference; lastKnownFileType = sourcecode.swift; path = SimulationComponentProvider.swift; sourceTree = "<group>"; };
		CE9AF21E1F9E88A40079A00A /* StyleSheet.swift */ = {isa = PBXFileReference; fileEncoding = 4; lastKnownFileType = sourcecode.swift; path = StyleSheet.swift; sourceTree = "<group>"; };
		CE9AF21F1F9E88A40079A00A /* NSAttributedString+TextStyle.swift */ = {isa = PBXFileReference; fileEncoding = 4; lastKnownFileType = sourcecode.swift; path = "NSAttributedString+TextStyle.swift"; sourceTree = "<group>"; };
		CE9AF2221F9E88BE0079A00A /* TextStyle.swift */ = {isa = PBXFileReference; lastKnownFileType = sourcecode.swift; path = TextStyle.swift; sourceTree = "<group>"; };
		CEC4F1141F9E3E5F00EB7BB3 /* StyledComponentGenerator.swift */ = {isa = PBXFileReference; fileEncoding = 4; lastKnownFileType = sourcecode.swift; path = StyledComponentGenerator.swift; sourceTree = "<group>"; };
		CEC4F1151F9E3E5F00EB7BB3 /* AppDelegate.swift */ = {isa = PBXFileReference; fileEncoding = 4; lastKnownFileType = sourcecode.swift; path = AppDelegate.swift; sourceTree = "<group>"; };
		CEC4F1191F9E3EAB00EB7BB3 /* DataSource.swift */ = {isa = PBXFileReference; lastKnownFileType = sourcecode.swift; path = DataSource.swift; sourceTree = "<group>"; };
		CED013741F930711005BCA14 /* Blitz.app */ = {isa = PBXFileReference; explicitFileType = wrapper.application; includeInIndex = 0; path = Blitz.app; sourceTree = BUILT_PRODUCTS_DIR; };
		CED0137E1F930711005BCA14 /* Assets.xcassets */ = {isa = PBXFileReference; lastKnownFileType = folder.assetcatalog; path = Assets.xcassets; sourceTree = "<group>"; };
		CED013811F930711005BCA14 /* Base */ = {isa = PBXFileReference; lastKnownFileType = file.storyboard; name = Base; path = Base.lproj/LaunchScreen.storyboard; sourceTree = "<group>"; };
		CED013831F930711005BCA14 /* Info.plist */ = {isa = PBXFileReference; lastKnownFileType = text.plist.xml; path = Info.plist; sourceTree = "<group>"; };
		CEE9DAE31F9F7DA300A4A749 /* LogicController.swift */ = {isa = PBXFileReference; lastKnownFileType = sourcecode.swift; path = LogicController.swift; sourceTree = "<group>"; };
/* End PBXFileReference section */

/* Begin PBXFrameworksBuildPhase section */
		CED013711F930711005BCA14 /* Frameworks */ = {
			isa = PBXFrameworksBuildPhase;
			buildActionMask = 2147483647;
			files = (
			);
			runOnlyForDeploymentPostprocessing = 0;
		};
/* End PBXFrameworksBuildPhase section */

/* Begin PBXGroup section */
		CE1E221C1F9E3D9500A7D82C /* Framework */ = {
			isa = PBXGroup;
			children = (
				CE1E221D1F9E3D9500A7D82C /* Tools */,
				CE1E22201F9E3D9500A7D82C /* Components */,
				CE1E222E1F9E3D9500A7D82C /* CollectionComponentController */,
			);
			path = Framework;
			sourceTree = "<group>";
		};
		CE1E221D1F9E3D9500A7D82C /* Tools */ = {
			isa = PBXGroup;
			children = (
				CE1E221E1F9E3D9500A7D82C /* NodeTools.swift */,
				CE1E221F1F9E3D9500A7D82C /* CGTools.swift */,
			);
			path = Tools;
			sourceTree = "<group>";
		};
		CE1E22201F9E3D9500A7D82C /* Components */ = {
			isa = PBXGroup;
			children = (
				CE9AF21D1F9E88A40079A00A /* Styles */,
				CE1E22221F9E3D9500A7D82C /* SizeRange.swift */,
				CE1E22231F9E3D9500A7D82C /* Component.swift */,
				CE1E22281F9E3D9500A7D82C /* Node.swift */,
				CE1E22291F9E3D9500A7D82C /* ComponentContext.swift */,
				CE1E22241F9E3D9500A7D82C /* Primary */,
				CE1E222A1F9E3D9500A7D82C /* Secondary */,
			);
			path = Components;
			sourceTree = "<group>";
		};
		CE1E22241F9E3D9500A7D82C /* Primary */ = {
			isa = PBXGroup;
			children = (
				CE1E22251F9E3D9500A7D82C /* ImageComponent.swift */,
				CE1E22261F9E3D9500A7D82C /* TextComponent.swift */,
				CE1E22271F9E3D9500A7D82C /* BackgroundComponent.swift */,
			);
			path = Primary;
			sourceTree = "<group>";
		};
		CE1E222A1F9E3D9500A7D82C /* Secondary */ = {
			isa = PBXGroup;
			children = (
				CE1E222B1F9E3D9500A7D82C /* ListComponent.swift */,
				CE3C90941FA154B100CF5010 /* TapableComponent.swift */,
				CE1E222C1F9E3D9500A7D82C /* FutureComponent.swift */,
				CE1E222D1F9E3D9500A7D82C /* InsetComponent.swift */,
			);
			path = Secondary;
			sourceTree = "<group>";
		};
		CE1E222E1F9E3D9500A7D82C /* CollectionComponentController */ = {
			isa = PBXGroup;
			children = (
				CE1E22301F9E3D9500A7D82C /* Cells */,
				CEC4F1191F9E3EAB00EB7BB3 /* DataSource.swift */,
				CE1E22351F9E3D9500A7D82C /* CollectionViewLayout.swift */,
				CE1E22361F9E3D9500A7D82C /* ReuseIdentifier.swift */,
				CE1E22371F9E3D9500A7D82C /* CollectionController.swift */,
				CE1E22381F9E3D9500A7D82C /* NodeCollectionViewDataSource.swift */,
				CEE9DAE31F9F7DA300A4A749 /* LogicController.swift */,
			);
			path = CollectionComponentController;
			sourceTree = "<group>";
		};
		CE1E22301F9E3D9500A7D82C /* Cells */ = {
			isa = PBXGroup;
			children = (
				CE1E22311F9E3D9500A7D82C /* ViewCell.swift */,
				CE1E22321F9E3D9500A7D82C /* TextCell.swift */,
				CE1E22331F9E3D9500A7D82C /* ImageCell.swift */,
				CE1E22341F9E3D9500A7D82C /* CollectionCellBase.swift */,
			);
			path = Cells;
			sourceTree = "<group>";
		};
		CE9AF21D1F9E88A40079A00A /* Styles */ = {
			isa = PBXGroup;
			children = (
				CE9AF21E1F9E88A40079A00A /* StyleSheet.swift */,
				CE9AF2221F9E88BE0079A00A /* TextStyle.swift */,
				CE9AF21F1F9E88A40079A00A /* NSAttributedString+TextStyle.swift */,
			);
			path = Styles;
			sourceTree = "<group>";
		};
		CED0136B1F930711005BCA14 = {
			isa = PBXGroup;
			children = (
				CED013761F930711005BCA14 /* Blitz */,
				CED013751F930711005BCA14 /* Products */,
			);
			sourceTree = "<group>";
		};
		CED013751F930711005BCA14 /* Products */ = {
			isa = PBXGroup;
			children = (
				CED013741F930711005BCA14 /* Blitz.app */,
			);
			name = Products;
			sourceTree = "<group>";
		};
		CED013761F930711005BCA14 /* Blitz */ = {
			isa = PBXGroup;
			children = (
				CE3C90961FA154F200CF5010 /* SimulationComponentProvider.swift */,
				CEC4F1151F9E3E5F00EB7BB3 /* AppDelegate.swift */,
				CEC4F1141F9E3E5F00EB7BB3 /* StyledComponentGenerator.swift */,
				CE1E221C1F9E3D9500A7D82C /* Framework */,
				CED0137E1F930711005BCA14 /* Assets.xcassets */,
				CED013801F930711005BCA14 /* LaunchScreen.storyboard */,
				CED013831F930711005BCA14 /* Info.plist */,
			);
			path = Blitz;
			sourceTree = "<group>";
		};
/* End PBXGroup section */

/* Begin PBXNativeTarget section */
		CED013731F930711005BCA14 /* Blitz */ = {
			isa = PBXNativeTarget;
			buildConfigurationList = CED013861F930711005BCA14 /* Build configuration list for PBXNativeTarget "Blitz" */;
			buildPhases = (
				CED013701F930711005BCA14 /* Sources */,
				CED013711F930711005BCA14 /* Frameworks */,
				CED013721F930711005BCA14 /* Resources */,
			);
			buildRules = (
			);
			dependencies = (
			);
			name = Blitz;
			productName = Blitz;
			productReference = CED013741F930711005BCA14 /* Blitz.app */;
			productType = "com.apple.product-type.application";
		};
/* End PBXNativeTarget section */

/* Begin PBXProject section */
		CED0136C1F930711005BCA14 /* Project object */ = {
			isa = PBXProject;
			attributes = {
				LastSwiftUpdateCheck = 0900;
				LastUpgradeCheck = 0900;
				ORGANIZATIONNAME = user;
				TargetAttributes = {
					CED013731F930711005BCA14 = {
						CreatedOnToolsVersion = 9.0;
						ProvisioningStyle = Automatic;
					};
				};
			};
			buildConfigurationList = CED0136F1F930711005BCA14 /* Build configuration list for PBXProject "Blitz" */;
			compatibilityVersion = "Xcode 8.0";
			developmentRegion = en;
			hasScannedForEncodings = 0;
			knownRegions = (
				en,
				Base,
			);
			mainGroup = CED0136B1F930711005BCA14;
			productRefGroup = CED013751F930711005BCA14 /* Products */;
			projectDirPath = "";
			projectRoot = "";
			targets = (
				CED013731F930711005BCA14 /* Blitz */,
			);
		};
/* End PBXProject section */

/* Begin PBXResourcesBuildPhase section */
		CED013721F930711005BCA14 /* Resources */ = {
			isa = PBXResourcesBuildPhase;
			buildActionMask = 2147483647;
			files = (
				CED013821F930711005BCA14 /* LaunchScreen.storyboard in Resources */,
				CED0137F1F930711005BCA14 /* Assets.xcassets in Resources */,
			);
			runOnlyForDeploymentPostprocessing = 0;
		};
/* End PBXResourcesBuildPhase section */

/* Begin PBXSourcesBuildPhase section */
		CED013701F930711005BCA14 /* Sources */ = {
			isa = PBXSourcesBuildPhase;
			buildActionMask = 2147483647;
			files = (
				CE9AF2231F9E88BE0079A00A /* TextStyle.swift in Sources */,
				CE1E223A1F9E3D9500A7D82C /* NodeTools.swift in Sources */,
				CE9AF2201F9E88A40079A00A /* StyleSheet.swift in Sources */,
				CE9AF2211F9E88A40079A00A /* NSAttributedString+TextStyle.swift in Sources */,
				CE1E22431F9E3D9500A7D82C /* ComponentContext.swift in Sources */,
				CEC4F11A1F9E3EAB00EB7BB3 /* DataSource.swift in Sources */,
				CE1E223B1F9E3D9500A7D82C /* CGTools.swift in Sources */,
				CEC4F1171F9E3E5F00EB7BB3 /* StyledComponentGenerator.swift in Sources */,
				CE3C90971FA154F200CF5010 /* SimulationComponentProvider.swift in Sources */,
				CE1E224F1F9E3D9500A7D82C /* NodeCollectionViewDataSource.swift in Sources */,
				CE1E224D1F9E3D9500A7D82C /* ReuseIdentifier.swift in Sources */,
				CE1E224E1F9E3D9500A7D82C /* CollectionController.swift in Sources */,
				CEC4F1181F9E3E5F00EB7BB3 /* AppDelegate.swift in Sources */,
				CE1E22441F9E3D9500A7D82C /* ListComponent.swift in Sources */,
				CE1E224C1F9E3D9500A7D82C /* CollectionViewLayout.swift in Sources */,
				CE1E223D1F9E3D9500A7D82C /* SizeRange.swift in Sources */,
				CE1E22421F9E3D9500A7D82C /* Node.swift in Sources */,
				CE1E224A1F9E3D9500A7D82C /* ImageCell.swift in Sources */,
				CE1E22451F9E3D9500A7D82C /* FutureComponent.swift in Sources */,
				CEE9DAE41F9F7DA300A4A749 /* LogicController.swift in Sources */,
				CE1E223F1F9E3D9500A7D82C /* ImageComponent.swift in Sources */,
				CE1E22481F9E3D9500A7D82C /* ViewCell.swift in Sources */,
				CE1E22401F9E3D9500A7D82C /* TextComponent.swift in Sources */,
				CE1E223E1F9E3D9500A7D82C /* Component.swift in Sources */,
				CE1E22411F9E3D9500A7D82C /* BackgroundComponent.swift in Sources */,
				CE1E22491F9E3D9500A7D82C /* TextCell.swift in Sources */,
				CE3C90951FA154B100CF5010 /* TapableComponent.swift in Sources */,
				CE1E224B1F9E3D9500A7D82C /* CollectionCellBase.swift in Sources */,
				CE1E22461F9E3D9500A7D82C /* InsetComponent.swift in Sources */,
			);
			runOnlyForDeploymentPostprocessing = 0;
		};
/* End PBXSourcesBuildPhase section */

/* Begin PBXVariantGroup section */
		CED013801F930711005BCA14 /* LaunchScreen.storyboard */ = {
			isa = PBXVariantGroup;
			children = (
				CED013811F930711005BCA14 /* Base */,
			);
			name = LaunchScreen.storyboard;
			sourceTree = "<group>";
		};
/* End PBXVariantGroup section */

/* Begin XCBuildConfiguration section */
		CED013841F930711005BCA14 /* Debug */ = {
			isa = XCBuildConfiguration;
			buildSettings = {
				ALWAYS_SEARCH_USER_PATHS = NO;
				CLANG_ANALYZER_NONNULL = YES;
				CLANG_ANALYZER_NUMBER_OBJECT_CONVERSION = YES_AGGRESSIVE;
				CLANG_CXX_LANGUAGE_STANDARD = "gnu++14";
				CLANG_CXX_LIBRARY = "libc++";
				CLANG_ENABLE_MODULES = YES;
				CLANG_ENABLE_OBJC_ARC = YES;
				CLANG_WARN_BLOCK_CAPTURE_AUTORELEASING = YES;
				CLANG_WARN_BOOL_CONVERSION = YES;
				CLANG_WARN_COMMA = YES;
				CLANG_WARN_CONSTANT_CONVERSION = YES;
				CLANG_WARN_DIRECT_OBJC_ISA_USAGE = YES_ERROR;
				CLANG_WARN_DOCUMENTATION_COMMENTS = YES;
				CLANG_WARN_EMPTY_BODY = YES;
				CLANG_WARN_ENUM_CONVERSION = YES;
				CLANG_WARN_INFINITE_RECURSION = YES;
				CLANG_WARN_INT_CONVERSION = YES;
				CLANG_WARN_NON_LITERAL_NULL_CONVERSION = YES;
				CLANG_WARN_OBJC_LITERAL_CONVERSION = YES;
				CLANG_WARN_OBJC_ROOT_CLASS = YES_ERROR;
				CLANG_WARN_RANGE_LOOP_ANALYSIS = YES;
				CLANG_WARN_STRICT_PROTOTYPES = YES;
				CLANG_WARN_SUSPICIOUS_MOVE = YES;
				CLANG_WARN_UNGUARDED_AVAILABILITY = YES_AGGRESSIVE;
				CLANG_WARN_UNREACHABLE_CODE = YES;
				CLANG_WARN__DUPLICATE_METHOD_MATCH = YES;
				CODE_SIGN_IDENTITY = "iPhone Developer";
				COPY_PHASE_STRIP = NO;
				DEBUG_INFORMATION_FORMAT = dwarf;
				ENABLE_STRICT_OBJC_MSGSEND = YES;
				ENABLE_TESTABILITY = YES;
				GCC_C_LANGUAGE_STANDARD = gnu11;
				GCC_DYNAMIC_NO_PIC = NO;
				GCC_NO_COMMON_BLOCKS = YES;
				GCC_OPTIMIZATION_LEVEL = 0;
				GCC_PREPROCESSOR_DEFINITIONS = (
					"DEBUG=1",
					"$(inherited)",
				);
				GCC_WARN_64_TO_32_BIT_CONVERSION = YES;
				GCC_WARN_ABOUT_RETURN_TYPE = YES_ERROR;
				GCC_WARN_UNDECLARED_SELECTOR = YES;
				GCC_WARN_UNINITIALIZED_AUTOS = YES_AGGRESSIVE;
				GCC_WARN_UNUSED_FUNCTION = YES;
				GCC_WARN_UNUSED_VARIABLE = YES;
				IPHONEOS_DEPLOYMENT_TARGET = 11.0;
				MTL_ENABLE_DEBUG_INFO = YES;
				ONLY_ACTIVE_ARCH = YES;
				SDKROOT = iphoneos;
				SWIFT_ACTIVE_COMPILATION_CONDITIONS = DEBUG;
				SWIFT_OPTIMIZATION_LEVEL = "-Onone";
			};
			name = Debug;
		};
		CED013851F930711005BCA14 /* Release */ = {
			isa = XCBuildConfiguration;
			buildSettings = {
				ALWAYS_SEARCH_USER_PATHS = NO;
				CLANG_ANALYZER_NONNULL = YES;
				CLANG_ANALYZER_NUMBER_OBJECT_CONVERSION = YES_AGGRESSIVE;
				CLANG_CXX_LANGUAGE_STANDARD = "gnu++14";
				CLANG_CXX_LIBRARY = "libc++";
				CLANG_ENABLE_MODULES = YES;
				CLANG_ENABLE_OBJC_ARC = YES;
				CLANG_WARN_BLOCK_CAPTURE_AUTORELEASING = YES;
				CLANG_WARN_BOOL_CONVERSION = YES;
				CLANG_WARN_COMMA = YES;
				CLANG_WARN_CONSTANT_CONVERSION = YES;
				CLANG_WARN_DIRECT_OBJC_ISA_USAGE = YES_ERROR;
				CLANG_WARN_DOCUMENTATION_COMMENTS = YES;
				CLANG_WARN_EMPTY_BODY = YES;
				CLANG_WARN_ENUM_CONVERSION = YES;
				CLANG_WARN_INFINITE_RECURSION = YES;
				CLANG_WARN_INT_CONVERSION = YES;
				CLANG_WARN_NON_LITERAL_NULL_CONVERSION = YES;
				CLANG_WARN_OBJC_LITERAL_CONVERSION = YES;
				CLANG_WARN_OBJC_ROOT_CLASS = YES_ERROR;
				CLANG_WARN_RANGE_LOOP_ANALYSIS = YES;
				CLANG_WARN_STRICT_PROTOTYPES = YES;
				CLANG_WARN_SUSPICIOUS_MOVE = YES;
				CLANG_WARN_UNGUARDED_AVAILABILITY = YES_AGGRESSIVE;
				CLANG_WARN_UNREACHABLE_CODE = YES;
				CLANG_WARN__DUPLICATE_METHOD_MATCH = YES;
				CODE_SIGN_IDENTITY = "iPhone Developer";
				COPY_PHASE_STRIP = NO;
				DEBUG_INFORMATION_FORMAT = "dwarf-with-dsym";
				ENABLE_NS_ASSERTIONS = NO;
				ENABLE_STRICT_OBJC_MSGSEND = YES;
				GCC_C_LANGUAGE_STANDARD = gnu11;
				GCC_NO_COMMON_BLOCKS = YES;
				GCC_WARN_64_TO_32_BIT_CONVERSION = YES;
				GCC_WARN_ABOUT_RETURN_TYPE = YES_ERROR;
				GCC_WARN_UNDECLARED_SELECTOR = YES;
				GCC_WARN_UNINITIALIZED_AUTOS = YES_AGGRESSIVE;
				GCC_WARN_UNUSED_FUNCTION = YES;
				GCC_WARN_UNUSED_VARIABLE = YES;
				IPHONEOS_DEPLOYMENT_TARGET = 11.0;
				MTL_ENABLE_DEBUG_INFO = NO;
				SDKROOT = iphoneos;
				SWIFT_OPTIMIZATION_LEVEL = "-Owholemodule";
				VALIDATE_PRODUCT = YES;
			};
			name = Release;
		};
		CED013871F930711005BCA14 /* Debug */ = {
			isa = XCBuildConfiguration;
			buildSettings = {
				ASSETCATALOG_COMPILER_APPICON_NAME = AppIcon;
				CODE_SIGN_STYLE = Automatic;
				DEVELOPMENT_TEAM = 38LX96JV5Y;
				INFOPLIST_FILE = Blitz/Info.plist;
				LD_RUNPATH_SEARCH_PATHS = "$(inherited) @executable_path/Frameworks";
				PRODUCT_BUNDLE_IDENTIFIER = user.Blitz;
				PRODUCT_NAME = "$(TARGET_NAME)";
				SWIFT_VERSION = 4.0;
				TARGETED_DEVICE_FAMILY = "1,2";
			};
			name = Debug;
		};
		CED013881F930711005BCA14 /* Release */ = {
			isa = XCBuildConfiguration;
			buildSettings = {
				ASSETCATALOG_COMPILER_APPICON_NAME = AppIcon;
				CODE_SIGN_STYLE = Automatic;
				DEVELOPMENT_TEAM = 38LX96JV5Y;
				INFOPLIST_FILE = Blitz/Info.plist;
				LD_RUNPATH_SEARCH_PATHS = "$(inherited) @executable_path/Frameworks";
				PRODUCT_BUNDLE_IDENTIFIER = user.Blitz;
				PRODUCT_NAME = "$(TARGET_NAME)";
				SWIFT_VERSION = 4.0;
				TARGETED_DEVICE_FAMILY = "1,2";
			};
			name = Release;
		};
/* End XCBuildConfiguration section */

/* Begin XCConfigurationList section */
		CED0136F1F930711005BCA14 /* Build configuration list for PBXProject "Blitz" */ = {
			isa = XCConfigurationList;
			buildConfigurations = (
				CED013841F930711005BCA14 /* Debug */,
				CED013851F930711005BCA14 /* Release */,
			);
			defaultConfigurationIsVisible = 0;
			defaultConfigurationName = Release;
		};
		CED013861F930711005BCA14 /* Build configuration list for PBXNativeTarget "Blitz" */ = {
			isa = XCConfigurationList;
			buildConfigurations = (
				CED013871F930711005BCA14 /* Debug */,
				CED013881F930711005BCA14 /* Release */,
			);
			defaultConfigurationIsVisible = 0;
			defaultConfigurationName = Release;
		};
/* End XCConfigurationList section */
	};
	rootObject = CED0136C1F930711005BCA14 /* Project object */;
}
